// !$*UTF8*$!
{
	archiveVersion = 1;
	classes = {
	};
	objectVersion = 48;
	objects = {

/* Begin PBXBuildFile section */
		130007771FE16AC200DD5925 /* AppDelegate.swift in Sources */ = {isa = PBXBuildFile; fileRef = 130007761FE16AC200DD5925 /* AppDelegate.swift */; };
		130007791FE16AC200DD5925 /* ViewController.swift in Sources */ = {isa = PBXBuildFile; fileRef = 130007781FE16AC200DD5925 /* ViewController.swift */; };
		1300077C1FE16AC200DD5925 /* Main.storyboard in Resources */ = {isa = PBXBuildFile; fileRef = 1300077A1FE16AC200DD5925 /* Main.storyboard */; };
		1300077E1FE16AC200DD5925 /* Assets.xcassets in Resources */ = {isa = PBXBuildFile; fileRef = 1300077D1FE16AC200DD5925 /* Assets.xcassets */; };
		130007811FE16AC200DD5925 /* LaunchScreen.storyboard in Resources */ = {isa = PBXBuildFile; fileRef = 1300077F1FE16AC200DD5925 /* LaunchScreen.storyboard */; };
		1300078C1FE16AC200DD5925 /* firstapp_gameofthronesTests.swift in Sources */ = {isa = PBXBuildFile; fileRef = 1300078B1FE16AC200DD5925 /* firstapp_gameofthronesTests.swift */; };
		130007971FE16AC200DD5925 /* firstapp_gameofthronesUITests.swift in Sources */ = {isa = PBXBuildFile; fileRef = 130007961FE16AC200DD5925 /* firstapp_gameofthronesUITests.swift */; };
/* End PBXBuildFile section */

/* Begin PBXContainerItemProxy section */
		130007881FE16AC200DD5925 /* PBXContainerItemProxy */ = {
			isa = PBXContainerItemProxy;
			containerPortal = 1300076B1FE16AC100DD5925 /* Project object */;
			proxyType = 1;
			remoteGlobalIDString = 130007721FE16AC200DD5925;
			remoteInfo = firstapp_gameofthrones;
		};
		130007931FE16AC200DD5925 /* PBXContainerItemProxy */ = {
			isa = PBXContainerItemProxy;
			containerPortal = 1300076B1FE16AC100DD5925 /* Project object */;
			proxyType = 1;
			remoteGlobalIDString = 130007721FE16AC200DD5925;
			remoteInfo = firstapp_gameofthrones;
		};
/* End PBXContainerItemProxy section */

/* Begin PBXFileReference section */
		130007731FE16AC200DD5925 /* firstapp_gameofthrones.app */ = {isa = PBXFileReference; explicitFileType = wrapper.application; includeInIndex = 0; path = firstapp_gameofthrones.app; sourceTree = BUILT_PRODUCTS_DIR; };
		130007761FE16AC200DD5925 /* AppDelegate.swift */ = {isa = PBXFileReference; lastKnownFileType = sourcecode.swift; path = AppDelegate.swift; sourceTree = "<group>"; };
		130007781FE16AC200DD5925 /* ViewController.swift */ = {isa = PBXFileReference; lastKnownFileType = sourcecode.swift; path = ViewController.swift; sourceTree = "<group>"; };
		1300077B1FE16AC200DD5925 /* Base */ = {isa = PBXFileReference; lastKnownFileType = file.storyboard; name = Base; path = Base.lproj/Main.storyboard; sourceTree = "<group>"; };
		1300077D1FE16AC200DD5925 /* Assets.xcassets */ = {isa = PBXFileReference; lastKnownFileType = folder.assetcatalog; path = Assets.xcassets; sourceTree = "<group>"; };
		130007801FE16AC200DD5925 /* Base */ = {isa = PBXFileReference; lastKnownFileType = file.storyboard; name = Base; path = Base.lproj/LaunchScreen.storyboard; sourceTree = "<group>"; };
		130007821FE16AC200DD5925 /* Info.plist */ = {isa = PBXFileReference; lastKnownFileType = text.plist.xml; path = Info.plist; sourceTree = "<group>"; };
		130007871FE16AC200DD5925 /* firstapp_gameofthronesTests.xctest */ = {isa = PBXFileReference; explicitFileType = wrapper.cfbundle; includeInIndex = 0; path = firstapp_gameofthronesTests.xctest; sourceTree = BUILT_PRODUCTS_DIR; };
		1300078B1FE16AC200DD5925 /* firstapp_gameofthronesTests.swift */ = {isa = PBXFileReference; lastKnownFileType = sourcecode.swift; path = firstapp_gameofthronesTests.swift; sourceTree = "<group>"; };
		1300078D1FE16AC200DD5925 /* Info.plist */ = {isa = PBXFileReference; lastKnownFileType = text.plist.xml; path = Info.plist; sourceTree = "<group>"; };
		130007921FE16AC200DD5925 /* firstapp_gameofthronesUITests.xctest */ = {isa = PBXFileReference; explicitFileType = wrapper.cfbundle; includeInIndex = 0; path = firstapp_gameofthronesUITests.xctest; sourceTree = BUILT_PRODUCTS_DIR; };
		130007961FE16AC200DD5925 /* firstapp_gameofthronesUITests.swift */ = {isa = PBXFileReference; lastKnownFileType = sourcecode.swift; path = firstapp_gameofthronesUITests.swift; sourceTree = "<group>"; };
		130007981FE16AC200DD5925 /* Info.plist */ = {isa = PBXFileReference; lastKnownFileType = text.plist.xml; path = Info.plist; sourceTree = "<group>"; };
/* End PBXFileReference section */

/* Begin PBXFrameworksBuildPhase section */
		130007701FE16AC200DD5925 /* Frameworks */ = {
			isa = PBXFrameworksBuildPhase;
			buildActionMask = 2147483647;
			files = (
			);
			runOnlyForDeploymentPostprocessing = 0;
		};
		130007841FE16AC200DD5925 /* Frameworks */ = {
			isa = PBXFrameworksBuildPhase;
			buildActionMask = 2147483647;
			files = (
			);
			runOnlyForDeploymentPostprocessing = 0;
		};
		1300078F1FE16AC200DD5925 /* Frameworks */ = {
			isa = PBXFrameworksBuildPhase;
			buildActionMask = 2147483647;
			files = (
			);
			runOnlyForDeploymentPostprocessing = 0;
		};
/* End PBXFrameworksBuildPhase section */

/* Begin PBXGroup section */
		1300076A1FE16AC100DD5925 = {
			isa = PBXGroup;
			children = (
				130007751FE16AC200DD5925 /* firstapp_gameofthrones */,
				1300078A1FE16AC200DD5925 /* firstapp_gameofthronesTests */,
				130007951FE16AC200DD5925 /* firstapp_gameofthronesUITests */,
				130007741FE16AC200DD5925 /* Products */,
			);
			sourceTree = "<group>";
		};
		130007741FE16AC200DD5925 /* Products */ = {
			isa = PBXGroup;
			children = (
				130007731FE16AC200DD5925 /* firstapp_gameofthrones.app */,
				130007871FE16AC200DD5925 /* firstapp_gameofthronesTests.xctest */,
				130007921FE16AC200DD5925 /* firstapp_gameofthronesUITests.xctest */,
			);
			name = Products;
			sourceTree = "<group>";
		};
		130007751FE16AC200DD5925 /* firstapp_gameofthrones */ = {
			isa = PBXGroup;
			children = (
				130007761FE16AC200DD5925 /* AppDelegate.swift */,
				130007781FE16AC200DD5925 /* ViewController.swift */,
				1300077A1FE16AC200DD5925 /* Main.storyboard */,
				1300077D1FE16AC200DD5925 /* Assets.xcassets */,
				1300077F1FE16AC200DD5925 /* LaunchScreen.storyboard */,
				130007821FE16AC200DD5925 /* Info.plist */,
			);
			path = firstapp_gameofthrones;
			sourceTree = "<group>";
		};
		1300078A1FE16AC200DD5925 /* firstapp_gameofthronesTests */ = {
			isa = PBXGroup;
			children = (
				1300078B1FE16AC200DD5925 /* firstapp_gameofthronesTests.swift */,
				1300078D1FE16AC200DD5925 /* Info.plist */,
			);
			path = firstapp_gameofthronesTests;
			sourceTree = "<group>";
		};
		130007951FE16AC200DD5925 /* firstapp_gameofthronesUITests */ = {
			isa = PBXGroup;
			children = (
				130007961FE16AC200DD5925 /* firstapp_gameofthronesUITests.swift */,
				130007981FE16AC200DD5925 /* Info.plist */,
			);
			path = firstapp_gameofthronesUITests;
			sourceTree = "<group>";
		};
/* End PBXGroup section */

/* Begin PBXNativeTarget section */
		130007721FE16AC200DD5925 /* firstapp_gameofthrones */ = {
			isa = PBXNativeTarget;
			buildConfigurationList = 1300079B1FE16AC200DD5925 /* Build configuration list for PBXNativeTarget "firstapp_gameofthrones" */;
			buildPhases = (
				1300076F1FE16AC200DD5925 /* Sources */,
				130007701FE16AC200DD5925 /* Frameworks */,
				130007711FE16AC200DD5925 /* Resources */,
			);
			buildRules = (
			);
			dependencies = (
			);
			name = firstapp_gameofthrones;
			productName = firstapp_gameofthrones;
			productReference = 130007731FE16AC200DD5925 /* firstapp_gameofthrones.app */;
			productType = "com.apple.product-type.application";
		};
		130007861FE16AC200DD5925 /* firstapp_gameofthronesTests */ = {
			isa = PBXNativeTarget;
			buildConfigurationList = 1300079E1FE16AC200DD5925 /* Build configuration list for PBXNativeTarget "firstapp_gameofthronesTests" */;
			buildPhases = (
				130007831FE16AC200DD5925 /* Sources */,
				130007841FE16AC200DD5925 /* Frameworks */,
				130007851FE16AC200DD5925 /* Resources */,
			);
			buildRules = (
			);
			dependencies = (
				130007891FE16AC200DD5925 /* PBXTargetDependency */,
			);
			name = firstapp_gameofthronesTests;
			productName = firstapp_gameofthronesTests;
			productReference = 130007871FE16AC200DD5925 /* firstapp_gameofthronesTests.xctest */;
			productType = "com.apple.product-type.bundle.unit-test";
		};
		130007911FE16AC200DD5925 /* firstapp_gameofthronesUITests */ = {
			isa = PBXNativeTarget;
			buildConfigurationList = 130007A11FE16AC200DD5925 /* Build configuration list for PBXNativeTarget "firstapp_gameofthronesUITests" */;
			buildPhases = (
				1300078E1FE16AC200DD5925 /* Sources */,
				1300078F1FE16AC200DD5925 /* Frameworks */,
				130007901FE16AC200DD5925 /* Resources */,
			);
			buildRules = (
			);
			dependencies = (
				130007941FE16AC200DD5925 /* PBXTargetDependency */,
			);
			name = firstapp_gameofthronesUITests;
			productName = firstapp_gameofthronesUITests;
			productReference = 130007921FE16AC200DD5925 /* firstapp_gameofthronesUITests.xctest */;
			productType = "com.apple.product-type.bundle.ui-testing";
		};
/* End PBXNativeTarget section */

/* Begin PBXProject section */
		1300076B1FE16AC100DD5925 /* Project object */ = {
			isa = PBXProject;
			attributes = {
				LastSwiftUpdateCheck = 0900;
				LastUpgradeCheck = 0900;
				ORGANIZATIONNAME = KuangliChen;
				TargetAttributes = {
					130007721FE16AC200DD5925 = {
						CreatedOnToolsVersion = 9.0;
						ProvisioningStyle = Automatic;
					};
					130007861FE16AC200DD5925 = {
						CreatedOnToolsVersion = 9.0;
						ProvisioningStyle = Automatic;
						TestTargetID = 130007721FE16AC200DD5925;
					};
					130007911FE16AC200DD5925 = {
						CreatedOnToolsVersion = 9.0;
						ProvisioningStyle = Automatic;
						TestTargetID = 130007721FE16AC200DD5925;
					};
				};
			};
			buildConfigurationList = 1300076E1FE16AC100DD5925 /* Build configuration list for PBXProject "firstapp_gameofthrones" */;
			compatibilityVersion = "Xcode 8.0";
			developmentRegion = en;
			hasScannedForEncodings = 0;
			knownRegions = (
				en,
				Base,
			);
			mainGroup = 1300076A1FE16AC100DD5925;
			productRefGroup = 130007741FE16AC200DD5925 /* Products */;
			projectDirPath = "";
			projectRoot = "";
			targets = (
				130007721FE16AC200DD5925 /* firstapp_gameofthrones */,
				130007861FE16AC200DD5925 /* firstapp_gameofthronesTests */,
				130007911FE16AC200DD5925 /* firstapp_gameofthronesUITests */,
			);
		};
/* End PBXProject section */

/* Begin PBXResourcesBuildPhase section */
		130007711FE16AC200DD5925 /* Resources */ = {
			isa = PBXResourcesBuildPhase;
			buildActionMask = 2147483647;
			files = (
				130007811FE16AC200DD5925 /* LaunchScreen.storyboard in Resources */,
				1300077E1FE16AC200DD5925 /* Assets.xcassets in Resources */,
				1300077C1FE16AC200DD5925 /* Main.storyboard in Resources */,
			);
			runOnlyForDeploymentPostprocessing = 0;
		};
		130007851FE16AC200DD5925 /* Resources */ = {
			isa = PBXResourcesBuildPhase;
			buildActionMask = 2147483647;
			files = (
			);
			runOnlyForDeploymentPostprocessing = 0;
		};
		130007901FE16AC200DD5925 /* Resources */ = {
			isa = PBXResourcesBuildPhase;
			buildActionMask = 2147483647;
			files = (
			);
			runOnlyForDeploymentPostprocessing = 0;
		};
/* End PBXResourcesBuildPhase section */

/* Begin PBXSourcesBuildPhase section */
		1300076F1FE16AC200DD5925 /* Sources */ = {
			isa = PBXSourcesBuildPhase;
			buildActionMask = 2147483647;
			files = (
				130007791FE16AC200DD5925 /* ViewController.swift in Sources */,
				130007771FE16AC200DD5925 /* AppDelegate.swift in Sources */,
			);
			runOnlyForDeploymentPostprocessing = 0;
		};
		130007831FE16AC200DD5925 /* Sources */ = {
			isa = PBXSourcesBuildPhase;
			buildActionMask = 2147483647;
			files = (
				1300078C1FE16AC200DD5925 /* firstapp_gameofthronesTests.swift in Sources */,
			);
			runOnlyForDeploymentPostprocessing = 0;
		};
		1300078E1FE16AC200DD5925 /* Sources */ = {
			isa = PBXSourcesBuildPhase;
			buildActionMask = 2147483647;
			files = (
				130007971FE16AC200DD5925 /* firstapp_gameofthronesUITests.swift in Sources */,
			);
			runOnlyForDeploymentPostprocessing = 0;
		};
/* End PBXSourcesBuildPhase section */

/* Begin PBXTargetDependency section */
		130007891FE16AC200DD5925 /* PBXTargetDependency */ = {
			isa = PBXTargetDependency;
			target = 130007721FE16AC200DD5925 /* firstapp_gameofthrones */;
			targetProxy = 130007881FE16AC200DD5925 /* PBXContainerItemProxy */;
		};
		130007941FE16AC200DD5925 /* PBXTargetDependency */ = {
			isa = PBXTargetDependency;
			target = 130007721FE16AC200DD5925 /* firstapp_gameofthrones */;
			targetProxy = 130007931FE16AC200DD5925 /* PBXContainerItemProxy */;
		};
/* End PBXTargetDependency section */

/* Begin PBXVariantGroup section */
		1300077A1FE16AC200DD5925 /* Main.storyboard */ = {
			isa = PBXVariantGroup;
			children = (
				1300077B1FE16AC200DD5925 /* Base */,
			);
			name = Main.storyboard;
			sourceTree = "<group>";
		};
		1300077F1FE16AC200DD5925 /* LaunchScreen.storyboard */ = {
			isa = PBXVariantGroup;
			children = (
				130007801FE16AC200DD5925 /* Base */,
			);
			name = LaunchScreen.storyboard;
			sourceTree = "<group>";
		};
/* End PBXVariantGroup section */

/* Begin XCBuildConfiguration section */
		130007991FE16AC200DD5925 /* Debug */ = {
			isa = XCBuildConfiguration;
			buildSettings = {
				ALWAYS_SEARCH_USER_PATHS = NO;
				CLANG_ANALYZER_NONNULL = YES;
				CLANG_ANALYZER_NUMBER_OBJECT_CONVERSION = YES_AGGRESSIVE;
				CLANG_CXX_LANGUAGE_STANDARD = "gnu++14";
				CLANG_CXX_LIBRARY = "libc++";
				CLANG_ENABLE_MODULES = YES;
				CLANG_ENABLE_OBJC_ARC = YES;
				CLANG_WARN_BLOCK_CAPTURE_AUTORELEASING = YES;
				CLANG_WARN_BOOL_CONVERSION = YES;
				CLANG_WARN_COMMA = YES;
				CLANG_WARN_CONSTANT_CONVERSION = YES;
				CLANG_WARN_DIRECT_OBJC_ISA_USAGE = YES_ERROR;
				CLANG_WARN_DOCUMENTATION_COMMENTS = YES;
				CLANG_WARN_EMPTY_BODY = YES;
				CLANG_WARN_ENUM_CONVERSION = YES;
				CLANG_WARN_INFINITE_RECURSION = YES;
				CLANG_WARN_INT_CONVERSION = YES;
				CLANG_WARN_NON_LITERAL_NULL_CONVERSION = YES;
				CLANG_WARN_OBJC_LITERAL_CONVERSION = YES;
				CLANG_WARN_OBJC_ROOT_CLASS = YES_ERROR;
				CLANG_WARN_RANGE_LOOP_ANALYSIS = YES;
				CLANG_WARN_STRICT_PROTOTYPES = YES;
				CLANG_WARN_SUSPICIOUS_MOVE = YES;
				CLANG_WARN_UNGUARDED_AVAILABILITY = YES_AGGRESSIVE;
				CLANG_WARN_UNREACHABLE_CODE = YES;
				CLANG_WARN__DUPLICATE_METHOD_MATCH = YES;
				CODE_SIGN_IDENTITY = "iPhone Developer";
				COPY_PHASE_STRIP = NO;
				DEBUG_INFORMATION_FORMAT = dwarf;
				ENABLE_STRICT_OBJC_MSGSEND = YES;
				ENABLE_TESTABILITY = YES;
				GCC_C_LANGUAGE_STANDARD = gnu11;
				GCC_DYNAMIC_NO_PIC = NO;
				GCC_NO_COMMON_BLOCKS = YES;
				GCC_OPTIMIZATION_LEVEL = 0;
				GCC_PREPROCESSOR_DEFINITIONS = (
					"DEBUG=1",
					"$(inherited)",
				);
				GCC_WARN_64_TO_32_BIT_CONVERSION = YES;
				GCC_WARN_ABOUT_RETURN_TYPE = YES_ERROR;
				GCC_WARN_UNDECLARED_SELECTOR = YES;
				GCC_WARN_UNINITIALIZED_AUTOS = YES_AGGRESSIVE;
				GCC_WARN_UNUSED_FUNCTION = YES;
				GCC_WARN_UNUSED_VARIABLE = YES;
				IPHONEOS_DEPLOYMENT_TARGET = 11.0;
				MTL_ENABLE_DEBUG_INFO = YES;
				ONLY_ACTIVE_ARCH = YES;
				SDKROOT = iphoneos;
				SWIFT_ACTIVE_COMPILATION_CONDITIONS = DEBUG;
				SWIFT_OPTIMIZATION_LEVEL = "-Onone";
			};
			name = Debug;
		};
		1300079A1FE16AC200DD5925 /* Release */ = {
			isa = XCBuildConfiguration;
			buildSettings = {
				ALWAYS_SEARCH_USER_PATHS = NO;
				CLANG_ANALYZER_NONNULL = YES;
				CLANG_ANALYZER_NUMBER_OBJECT_CONVERSION = YES_AGGRESSIVE;
				CLANG_CXX_LANGUAGE_STANDARD = "gnu++14";
				CLANG_CXX_LIBRARY = "libc++";
				CLANG_ENABLE_MODULES = YES;
				CLANG_ENABLE_OBJC_ARC = YES;
				CLANG_WARN_BLOCK_CAPTURE_AUTORELEASING = YES;
				CLANG_WARN_BOOL_CONVERSION = YES;
				CLANG_WARN_COMMA = YES;
				CLANG_WARN_CONSTANT_CONVERSION = YES;
				CLANG_WARN_DIRECT_OBJC_ISA_USAGE = YES_ERROR;
				CLANG_WARN_DOCUMENTATION_COMMENTS = YES;
				CLANG_WARN_EMPTY_BODY = YES;
				CLANG_WARN_ENUM_CONVERSION = YES;
				CLANG_WARN_INFINITE_RECURSION = YES;
				CLANG_WARN_INT_CONVERSION = YES;
				CLANG_WARN_NON_LITERAL_NULL_CONVERSION = YES;
				CLANG_WARN_OBJC_LITERAL_CONVERSION = YES;
				CLANG_WARN_OBJC_ROOT_CLASS = YES_ERROR;
				CLANG_WARN_RANGE_LOOP_ANALYSIS = YES;
				CLANG_WARN_STRICT_PROTOTYPES = YES;
				CLANG_WARN_SUSPICIOUS_MOVE = YES;
				CLANG_WARN_UNGUARDED_AVAILABILITY = YES_AGGRESSIVE;
				CLANG_WARN_UNREACHABLE_CODE = YES;
				CLANG_WARN__DUPLICATE_METHOD_MATCH = YES;
				CODE_SIGN_IDENTITY = "iPhone Developer";
				COPY_PHASE_STRIP = NO;
				DEBUG_INFORMATION_FORMAT = "dwarf-with-dsym";
				ENABLE_NS_ASSERTIONS = NO;
				ENABLE_STRICT_OBJC_MSGSEND = YES;
				GCC_C_LANGUAGE_STANDARD = gnu11;
				GCC_NO_COMMON_BLOCKS = YES;
				GCC_WARN_64_TO_32_BIT_CONVERSION = YES;
				GCC_WARN_ABOUT_RETURN_TYPE = YES_ERROR;
				GCC_WARN_UNDECLARED_SELECTOR = YES;
				GCC_WARN_UNINITIALIZED_AUTOS = YES_AGGRESSIVE;
				GCC_WARN_UNUSED_FUNCTION = YES;
				GCC_WARN_UNUSED_VARIABLE = YES;
				IPHONEOS_DEPLOYMENT_TARGET = 11.0;
				MTL_ENABLE_DEBUG_INFO = NO;
				SDKROOT = iphoneos;
				SWIFT_OPTIMIZATION_LEVEL = "-Owholemodule";
				VALIDATE_PRODUCT = YES;
			};
			name = Release;
		};
		1300079C1FE16AC200DD5925 /* Debug */ = {
			isa = XCBuildConfiguration;
			buildSettings = {
				ASSETCATALOG_COMPILER_APPICON_NAME = AppIcon;
				CODE_SIGN_STYLE = Automatic;
				INFOPLIST_FILE = firstapp_gameofthrones/Info.plist;
				LD_RUNPATH_SEARCH_PATHS = "$(inherited) @executable_path/Frameworks";
				PRODUCT_BUNDLE_IDENTIFIER = "KuangliChen.firstapp-gameofthrones";
				PRODUCT_NAME = "$(TARGET_NAME)";
				SWIFT_VERSION = 4.0;
				TARGETED_DEVICE_FAMILY = "1,2";
			};
			name = Debug;
		};
		1300079D1FE16AC200DD5925 /* Release */ = {
			isa = XCBuildConfiguration;
			buildSettings = {
				ASSETCATALOG_COMPILER_APPICON_NAME = AppIcon;
				CODE_SIGN_STYLE = Automatic;
				INFOPLIST_FILE = firstapp_gameofthrones/Info.plist;
				LD_RUNPATH_SEARCH_PATHS = "$(inherited) @executable_path/Frameworks";
				PRODUCT_BUNDLE_IDENTIFIER = "KuangliChen.firstapp-gameofthrones";
				PRODUCT_NAME = "$(TARGET_NAME)";
				SWIFT_VERSION = 4.0;
				TARGETED_DEVICE_FAMILY = "1,2";
			};
			name = Release;
		};
		1300079F1FE16AC200DD5925 /* Debug */ = {
			isa = XCBuildConfiguration;
			buildSettings = {
				ALWAYS_EMBED_SWIFT_STANDARD_LIBRARIES = YES;
				BUNDLE_LOADER = "$(TEST_HOST)";
				CODE_SIGN_STYLE = Automatic;
				INFOPLIST_FILE = firstapp_gameofthronesTests/Info.plist;
				LD_RUNPATH_SEARCH_PATHS = "$(inherited) @executable_path/Frameworks @loader_path/Frameworks";
				PRODUCT_BUNDLE_IDENTIFIER = "KuangliChen.firstapp-gameofthronesTests";
				PRODUCT_NAME = "$(TARGET_NAME)";
				SWIFT_VERSION = 4.0;
				TARGETED_DEVICE_FAMILY = "1,2";
				TEST_HOST = "$(BUILT_PRODUCTS_DIR)/firstapp_gameofthrones.app/firstapp_gameofthrones";
			};
			name = Debug;
		};
		130007A01FE16AC200DD5925 /* Release */ = {
			isa = XCBuildConfiguration;
			buildSettings = {
				ALWAYS_EMBED_SWIFT_STANDARD_LIBRARIES = YES;
				BUNDLE_LOADER = "$(TEST_HOST)";
				CODE_SIGN_STYLE = Automatic;
				INFOPLIST_FILE = firstapp_gameofthronesTests/Info.plist;
				LD_RUNPATH_SEARCH_PATHS = "$(inherited) @executable_path/Frameworks @loader_path/Frameworks";
				PRODUCT_BUNDLE_IDENTIFIER = "KuangliChen.firstapp-gameofthronesTests";
				PRODUCT_NAME = "$(TARGET_NAME)";
				SWIFT_VERSION = 4.0;
				TARGETED_DEVICE_FAMILY = "1,2";
				TEST_HOST = "$(BUILT_PRODUCTS_DIR)/firstapp_gameofthrones.app/firstapp_gameofthrones";
			};
			name = Release;
		};
		130007A21FE16AC200DD5925 /* Debug */ = {
			isa = XCBuildConfiguration;
			buildSettings = {
				ALWAYS_EMBED_SWIFT_STANDARD_LIBRARIES = YES;
				CODE_SIGN_STYLE = Automatic;
				INFOPLIST_FILE = firstapp_gameofthronesUITests/Info.plist;
				LD_RUNPATH_SEARCH_PATHS = "$(inherited) @executable_path/Frameworks @loader_path/Frameworks";
				PRODUCT_BUNDLE_IDENTIFIER = "KuangliChen.firstapp-gameofthronesUITests";
				PRODUCT_NAME = "$(TARGET_NAME)";
				SWIFT_VERSION = 4.0;
				TARGETED_DEVICE_FAMILY = "1,2";
				TEST_TARGET_NAME = firstapp_gameofthrones;
			};
			name = Debug;
		};
		130007A31FE16AC200DD5925 /* Release */ = {
			isa = XCBuildConfiguration;
			buildSettings = {
				ALWAYS_EMBED_SWIFT_STANDARD_LIBRARIES = YES;
				CODE_SIGN_STYLE = Automatic;
				INFOPLIST_FILE = firstapp_gameofthronesUITests/Info.plist;
				LD_RUNPATH_SEARCH_PATHS = "$(inherited) @executable_path/Frameworks @loader_path/Frameworks";
				PRODUCT_BUNDLE_IDENTIFIER = "KuangliChen.firstapp-gameofthronesUITests";
				PRODUCT_NAME = "$(TARGET_NAME)";
				SWIFT_VERSION = 4.0;
				TARGETED_DEVICE_FAMILY = "1,2";
				TEST_TARGET_NAME = firstapp_gameofthrones;
			};
			name = Release;
		};
/* End XCBuildConfiguration section */

/* Begin XCConfigurationList section */
		1300076E1FE16AC100DD5925 /* Build configuration list for PBXProject "firstapp_gameofthrones" */ = {
			isa = XCConfigurationList;
			buildConfigurations = (
				130007991FE16AC200DD5925 /* Debug */,
				1300079A1FE16AC200DD5925 /* Release */,
			);
			defaultConfigurationIsVisible = 0;
			defaultConfigurationName = Release;
		};
		1300079B1FE16AC200DD5925 /* Build configuration list for PBXNativeTarget "firstapp_gameofthrones" */ = {
			isa = XCConfigurationList;
			buildConfigurations = (
				1300079C1FE16AC200DD5925 /* Debug */,
				1300079D1FE16AC200DD5925 /* Release */,
			);
			defaultConfigurationIsVisible = 0;
			defaultConfigurationName = Release;
		};
		1300079E1FE16AC200DD5925 /* Build configuration list for PBXNativeTarget "firstapp_gameofthronesTests" */ = {
			isa = XCConfigurationList;
			buildConfigurations = (
				1300079F1FE16AC200DD5925 /* Debug */,
				130007A01FE16AC200DD5925 /* Release */,
			);
			defaultConfigurationIsVisible = 0;
			defaultConfigurationName = Release;
		};
		130007A11FE16AC200DD5925 /* Build configuration list for PBXNativeTarget "firstapp_gameofthronesUITests" */ = {
			isa = XCConfigurationList;
			buildConfigurations = (
				130007A21FE16AC200DD5925 /* Debug */,
				130007A31FE16AC200DD5925 /* Release */,
			);
			defaultConfigurationIsVisible = 0;
			defaultConfigurationName = Release;
		};
/* End XCConfigurationList section */
	};
	rootObject = 1300076B1FE16AC100DD5925 /* Project object */;
}
